
Microsoft Visual Studio Solution File, Format Version 12.00
# Visual Studio Version 17
VisualStudioVersion = 17.13.35507.96
MinimumVisualStudioVersion = 10.0.40219.1
Project("{FAE04EC0-301F-11D3-BF4B-00C04F79EFBC}") = "MauiAppWithWebViewIntegration", "MauiAppWithWebViewIntegration\MauiAppWithWebViewIntegration.csproj", "{EFA199DB-6A10-68FD-01DB-5055354DF7E9}"
EndProject
Global
	GlobalSection(SolutionConfigurationPlatforms) = preSolution
		Debug|Any CPU = Debug|Any CPU
		Release|Any CPU = Release|Any CPU
	EndGlobalSection
	GlobalSection(ProjectConfigurationPlatforms) = postSolution
		{EFA199DB-6A10-68FD-01DB-5055354DF7E9}.Debug|Any CPU.ActiveCfg = Debug|Any CPU
		{EFA199DB-6A10-68FD-01DB-5055354DF7E9}.Debug|Any CPU.Build.0 = Debug|Any CPU
		{EFA199DB-6A10-68FD-01DB-5055354DF7E9}.Debug|Any CPU.Deploy.0 = Debug|Any CPU
		{EFA199DB-6A10-68FD-01DB-5055354DF7E9}.Release|Any CPU.ActiveCfg = Release|Any CPU
		{EFA199DB-6A10-68FD-01DB-5055354DF7E9}.Release|Any CPU.Build.0 = Release|Any CPU
		{EFA199DB-6A10-68FD-01DB-5055354DF7E9}.Release|Any CPU.Deploy.0 = Release|Any CPU
	EndGlobalSection
	GlobalSection(SolutionProperties) = preSolution
		HideSolutionNode = FALSE
	EndGlobalSection
	GlobalSection(ExtensibilityGlobals) = postSolution
		SolutionGuid = {92F65A2C-A545-4C19-8230-6A22C4923423}
	EndGlobalSection
EndGlobal
